
Microsoft Visual Studio Solution File, Format Version 12.00
# Visual Studio 2013
Project("{8BC9CEB8-8B4A-11D0-8D11-00A0C91BC942}") = "HP_BlueCloud", "HP_BlueCloud.vcxproj", "{3D942CD6-25CA-4B89-BD22-FE72D6FBF956}"
EndProject
Global
	GlobalSection(SolutionConfigurationPlatforms) = preSolution
		Debug|Win32 = Debug|Win32
		Release|Win32 = Release|Win32
	EndGlobalSection
	GlobalSection(ProjectConfigurationPlatforms) = postSolution
		{3D942CD6-25CA-4B89-BD22-FE72D6FBF956}.Debug|Win32.ActiveCfg = Debug|Win32
		{3D942CD6-25CA-4B89-BD22-FE72D6FBF956}.Debug|Win32.Build.0 = Debug|Win32
		{3D942CD6-25CA-4B89-BD22-FE72D6FBF956}.Release|Win32.ActiveCfg = Release|Win32
		{3D942CD6-25CA-4B89-BD22-FE72D6FBF956}.Release|Win32.Build.0 = Release|Win32
	EndGlobalSection
	GlobalSection(SolutionProperties) = preSolution
		HideSolutionNode = FALSE
	EndGlobalSection
EndGlobal
